
Microsoft Visual Studio Solution File, Format Version 12.00
# Visual Studio Version 17
VisualStudioVersion = 17.8.34330.188
MinimumVisualStudioVersion = 10.0.40219.1
Project("{FAE04EC0-301F-11D3-BF4B-00C04F79EFBC}") = "Parallax", "Parallax.csproj", "{41CD319C-250A-4A29-A69C-8B6C09A8CF73}"
EndProject
Global
	GlobalSection(SolutionConfigurationPlatforms) = preSolution
		Debug|Any CPU = Debug|Any CPU
		Release|Any CPU = Release|Any CPU
	EndGlobalSection
	GlobalSection(ProjectConfigurationPlatforms) = postSolution
		{41CD319C-250A-4A29-A69C-8B6C09A8CF73}.Debug|Any CPU.ActiveCfg = Debug|Any CPU
		{41CD319C-250A-4A29-A69C-8B6C09A8CF73}.Debug|Any CPU.Build.0 = Debug|Any CPU
		{41CD319C-250A-4A29-A69C-8B6C09A8CF73}.Release|Any CPU.ActiveCfg = Release|Any CPU
		{41CD319C-250A-4A29-A69C-8B6C09A8CF73}.Release|Any CPU.Build.0 = Release|Any CPU
	EndGlobalSection
	GlobalSection(SolutionProperties) = preSolution
		HideSolutionNode = FALSE
	EndGlobalSection
	GlobalSection(ExtensibilityGlobals) = postSolution
		SolutionGuid = {AAC5EB63-F9D5-4627-ADB3-9A4E4FBD058B}
	EndGlobalSection
EndGlobal
